<?xml version="1.0" encoding="utf-8"?>
<Project ToolsVersion="4.0" xmlns="http://schemas.microsoft.com/developer/msbuild/2003">
  <ItemGroup>
    <Filter Include="Source">
      <UniqueIdentifier>{b5c8cd0a-3fad-4d22-9549-6a13788c4133}</UniqueIdentifier>
    </Filter>
    <Filter Include="Vendor">
      <UniqueIdentifier>{801c1e57-80d3-402f-a032-a0bbca53f18e}</UniqueIdentifier>
    </Filter>
    <Filter Include="Vendor\imgui">
      <UniqueIdentifier>{0f7c0dc9-15a1-49d2-96c5-7996b5427fb5}</UniqueIdentifier>
    </Filter>
    <Filter Include="Vendor\implot">
      <UniqueIdentifier>{f8401e7e-079a-4718-86a0-a5a476a09863}</UniqueIdentifier>
    </Filter>
    <Filter Include="Source\Widgets">
      <UniqueIdentifier>{6b199a1f-6498-4f74-81be-0f7a39799dda}</UniqueIdentifier>
    </Filter>
    <Filter Include="Vendor\imgui_markdown">
      <UniqueIdentifier>{03aa10cb-73eb-41f1-9788-598a5cec6d0a}</UniqueIdentifier>
    </Filter>
    <Filter Include="Math">
      <UniqueIdentifier>{4004c7ab-3c8a-451f-b620-f99e000f0ea2}</UniqueIdentifier>
    </Filter>
    <Filter Include="Math\Interpolation">
      <UniqueIdentifier>{819abfdd-4c91-4132-9388-a8f2a93afdd5}</UniqueIdentifier>
    </Filter>
    <Filter Include="Source\Widgets\Interpolation">
      <UniqueIdentifier>{43808c98-a21c-4e8a-ac52-4b0e30aebd81}</UniqueIdentifier>
    </Filter>
    <Filter Include="Math\Solvers">
      <UniqueIdentifier>{c66094d2-ad8e-4f39-bc14-2a61edb85574}</UniqueIdentifier>
    </Filter>
    <Filter Include="Source\Widgets\Solvers">
      <UniqueIdentifier>{464327ae-5b82-498e-943f-e0a58024f1b6}</UniqueIdentifier>
    </Filter>
  </ItemGroup>
  <ItemGroup>
    <ClCompile Include="Source\Main.cpp">
      <Filter>Source</Filter>
    </ClCompile>
    <ClCompile Include="Source\App.cpp">
      <Filter>Source</Filter>
    </ClCompile>
    <ClCompile Include="..\imgui-1.88\imgui.cpp">
      <Filter>Vendor\imgui</Filter>
    </ClCompile>
    <ClCompile Include="..\imgui-1.88\imgui_demo.cpp">
      <Filter>Vendor\imgui</Filter>
    </ClCompile>
    <ClCompile Include="..\imgui-1.88\imgui_draw.cpp">
      <Filter>Vendor\imgui</Filter>
    </ClCompile>
    <ClCompile Include="..\imgui-1.88\imgui_tables.cpp">
      <Filter>Vendor\imgui</Filter>
    </ClCompile>
    <ClCompile Include="..\imgui-1.88\imgui_widgets.cpp">
      <Filter>Vendor\imgui</Filter>
    </ClCompile>
    <ClCompile Include="..\imgui-1.88\backends\imgui_impl_glfw.cpp">
      <Filter>Vendor\imgui</Filter>
    </ClCompile>
    <ClCompile Include="..\imgui-1.88\backends\imgui_impl_opengl3.cpp">
      <Filter>Vendor\imgui</Filter>
    </ClCompile>
    <ClCompile Include="..\implot-0.13\implot.cpp">
      <Filter>Vendor\implot</Filter>
    </ClCompile>
    <ClCompile Include="..\implot-0.13\implot_demo.cpp">
      <Filter>Vendor\implot</Filter>
    </ClCompile>
    <ClCompile Include="..\implot-0.13\implot_items.cpp">
      <Filter>Vendor\implot</Filter>
    </ClCompile>
    <ClCompile Include="Source\Widgets\WindowWidget.cpp">
      <Filter>Source\Widgets</Filter>
    </ClCompile>
    <ClCompile Include="Source\Widgets\EncyclopediaWidget.cpp">
      <Filter>Source\Widgets</Filter>
    </ClCompile>
    <ClCompile Include="Source\MessageBus.cpp">
      <Filter>Source</Filter>
    </ClCompile>
    <ClCompile Include="Source\Widgets\Interpolation\ExponentialDecayWidget.cpp">
      <Filter>Source\Widgets\Interpolation</Filter>
    </ClCompile>
    <ClCompile Include="Source\Widgets\Interpolation\SecondOrderDynamicsWidget.cpp">
      <Filter>Source\Widgets\Interpolation</Filter>
    </ClCompile>
    <ClCompile Include="Source\Widgets\Solvers\ODEWidget.cpp">
      <Filter>Source\Widgets\Solvers</Filter>
    </ClCompile>
  </ItemGroup>
  <ItemGroup>
    <ClInclude Include="Source\App.h">
      <Filter>Source</Filter>
    </ClInclude>
    <ClInclude Include="..\imgui-1.88\imconfig.h">
      <Filter>Vendor\imgui</Filter>
    </ClInclude>
    <ClInclude Include="..\imgui-1.88\imgui.h">
      <Filter>Vendor\imgui</Filter>
    </ClInclude>
    <ClInclude Include="..\imgui-1.88\imgui_internal.h">
      <Filter>Vendor\imgui</Filter>
    </ClInclude>
    <ClInclude Include="..\imgui-1.88\imstb_rectpack.h">
      <Filter>Vendor\imgui</Filter>
    </ClInclude>
    <ClInclude Include="..\imgui-1.88\imstb_textedit.h">
      <Filter>Vendor\imgui</Filter>
    </ClInclude>
    <ClInclude Include="..\imgui-1.88\imstb_truetype.h">
      <Filter>Vendor\imgui</Filter>
    </ClInclude>
    <ClInclude Include="..\imgui-1.88\backends\imgui_impl_glfw.h">
      <Filter>Vendor\imgui</Filter>
    </ClInclude>
    <ClInclude Include="..\imgui-1.88\backends\imgui_impl_opengl3.h">
      <Filter>Vendor\imgui</Filter>
    </ClInclude>
    <ClInclude Include="..\imgui-1.88\backends\imgui_impl_opengl3_loader.h">
      <Filter>Vendor\imgui</Filter>
    </ClInclude>
    <ClInclude Include="..\implot-0.13\implot.h">
      <Filter>Vendor\implot</Filter>
    </ClInclude>
    <ClInclude Include="..\implot-0.13\implot_internal.h">
      <Filter>Vendor\implot</Filter>
    </ClInclude>
    <ClInclude Include="Source\Widgets\WindowWidget.h">
      <Filter>Source\Widgets</Filter>
    </ClInclude>
    <ClInclude Include="Source\Widgets\EncyclopediaWidget.h">
      <Filter>Source\Widgets</Filter>
    </ClInclude>
    <ClInclude Include="..\imgui_markdown\imgui_markdown.h">
      <Filter>Vendor\imgui_markdown</Filter>
    </ClInclude>
    <ClInclude Include="Source\MessageBus.h">
      <Filter>Source</Filter>
    </ClInclude>
    <ClInclude Include="..\Math\Interpolation\ExponentialDecay.h">
      <Filter>Math\Interpolation</Filter>
    </ClInclude>
    <ClInclude Include="..\Math\Interpolation\SecondOrderDynamics.h">
      <Filter>Math\Interpolation</Filter>
    </ClInclude>
    <ClInclude Include="Source\Widgets\Interpolation\ExponentialDecayWidget.h">
      <Filter>Source\Widgets\Interpolation</Filter>
    </ClInclude>
    <ClInclude Include="Source\Widgets\Interpolation\SecondOrderDynamicsWidget.h">
      <Filter>Source\Widgets\Interpolation</Filter>
    </ClInclude>
    <ClInclude Include="..\Math\Solvers\ODE.h">
      <Filter>Math\Solvers</Filter>
    </ClInclude>
    <ClInclude Include="Source\Widgets\Solvers\ODEWidget.h">
      <Filter>Source\Widgets\Solvers</Filter>
    </ClInclude>
    <ClInclude Include="..\Math\Solvers\NewtonRaphson.h">
      <Filter>Math\Solvers</Filter>
    </ClInclude>
  </ItemGroup>
</Project>